
Microsoft Visual Studio Solution File, Format Version 12.00
# Visual Studio Version 17
VisualStudioVersion = 17.14.36603.0 d17.14
MinimumVisualStudioVersion = 10.0.40219.1
Project("{FAE04EC0-301F-11D3-BF4B-00C04F79EFBC}") = "WinParserExcels", "WinParserExcels.csproj", "{B6586A79-C440-41A5-B6CA-6B80281A775F}"
EndProject
Global
	GlobalSection(SolutionConfigurationPlatforms) = preSolution
		Debug|Any CPU = Debug|Any CPU
		Release|Any CPU = Release|Any CPU
	EndGlobalSection
	GlobalSection(ProjectConfigurationPlatforms) = postSolution
		{B6586A79-C440-41A5-B6CA-6B80281A775F}.Debug|Any CPU.ActiveCfg = Debug|Any CPU
		{B6586A79-C440-41A5-B6CA-6B80281A775F}.Debug|Any CPU.Build.0 = Debug|Any CPU
		{B6586A79-C440-41A5-B6CA-6B80281A775F}.Release|Any CPU.ActiveCfg = Release|Any CPU
		{B6586A79-C440-41A5-B6CA-6B80281A775F}.Release|Any CPU.Build.0 = Release|Any CPU
	EndGlobalSection
	GlobalSection(SolutionProperties) = preSolution
		HideSolutionNode = FALSE
	EndGlobalSection
	GlobalSection(ExtensibilityGlobals) = postSolution
		SolutionGuid = {348BD5AA-192E-4EC8-9563-FB428259053B}
	EndGlobalSection
EndGlobal
